
Microsoft Visual Studio Solution File, Format Version 12.00
# Visual Studio 14
VisualStudioVersion = 14.0.25420.1
MinimumVisualStudioVersion = 10.0.40219.1
Project("{FAE04EC0-301F-11D3-BF4B-00C04F79EFBC}") = "Members.PrecisionSample.Web", "Members.PrecisionSample.Web\Members.PrecisionSample.Web.csproj", "{6F98FBF5-9D32-46D9-846B-CF4B00754034}"
EndProject
Project("{FAE04EC0-301F-11D3-BF4B-00C04F79EFBC}") = "Members.PrecisionSample.Common", "Members.PrecisionSample.Common\Members.PrecisionSample.Common.csproj", "{B0BBAE5C-5208-4AAE-8660-96A9595C4AD3}"
EndProject
Project("{FAE04EC0-301F-11D3-BF4B-00C04F79EFBC}") = "Members.PrecisionSample.Components", "Members.PrecisionSample.Components\Members.PrecisionSample.Components.csproj", "{37FBB778-F875-4274-A9C6-16B8379E0363}"
EndProject
Project("{FAE04EC0-301F-11D3-BF4B-00C04F79EFBC}") = "Members.PrecisionSample.Prescreener", "Members.PrecisionSample.Prescreener\Members.PrecisionSample.Prescreener.csproj", "{B1181F1B-854D-4595-8EE6-19207BEB7173}"
EndProject
Project("{FAE04EC0-301F-11D3-BF4B-00C04F79EFBC}") = "Members.PrecisionSample.Clikflow", "Members.PrecisionSample.Clikflow\Members.PrecisionSample.Clikflow.csproj", "{627A363D-D323-4836-83E5-B9167F1137A3}"
EndProject
Project("{FAE04EC0-301F-11D3-BF4B-00C04F79EFBC}") = "Members.PrecisionSample.EndLinks", "Members.PrecisionSample.EndLinks\Members.PrecisionSample.EndLinks.csproj", "{BB8DF39E-E091-4F85-B12B-1CB0FC89C17C}"
EndProject
Project("{FAE04EC0-301F-11D3-BF4B-00C04F79EFBC}") = "Members.PrecisionSample.River.Web", "PrecisionSample.River\Members.PrecisionSample.River.Web.csproj", "{F0DCC6E6-8E5A-4D68-94ED-CA93733B96F1}"
EndProject
Project("{FAE04EC0-301F-11D3-BF4B-00C04F79EFBC}") = "Members.OpinionBar.Web", "Members.OpinionBar.Web\Members.OpinionBar.Web.csproj", "{207F348E-45B0-4702-81AF-A5B2C20155B8}"
EndProject
Project("{FAE04EC0-301F-11D3-BF4B-00C04F79EFBC}") = "Members.OpinionBar.Components", "Members.OpinionBar.Components\Members.OpinionBar.Components.csproj", "{65A69F54-63DD-44AF-821F-5580441A07E1}"
EndProject
Project("{FAE04EC0-301F-11D3-BF4B-00C04F79EFBC}") = "Members.NewOpinionBar.Web", "Members.NewOpinionBar.Web\Members.NewOpinionBar.Web.csproj", "{BF4BD48F-05DC-4312-AD87-0E38CD1BB38B}"
EndProject
Global
	GlobalSection(SolutionConfigurationPlatforms) = preSolution
		Debug|Any CPU = Debug|Any CPU
		Release|Any CPU = Release|Any CPU
	EndGlobalSection
	GlobalSection(ProjectConfigurationPlatforms) = postSolution
		{6F98FBF5-9D32-46D9-846B-CF4B00754034}.Debug|Any CPU.ActiveCfg = Debug|Any CPU
		{6F98FBF5-9D32-46D9-846B-CF4B00754034}.Debug|Any CPU.Build.0 = Debug|Any CPU
		{6F98FBF5-9D32-46D9-846B-CF4B00754034}.Release|Any CPU.ActiveCfg = Release|Any CPU
		{6F98FBF5-9D32-46D9-846B-CF4B00754034}.Release|Any CPU.Build.0 = Release|Any CPU
		{B0BBAE5C-5208-4AAE-8660-96A9595C4AD3}.Debug|Any CPU.ActiveCfg = Debug|Any CPU
		{B0BBAE5C-5208-4AAE-8660-96A9595C4AD3}.Debug|Any CPU.Build.0 = Debug|Any CPU
		{B0BBAE5C-5208-4AAE-8660-96A9595C4AD3}.Release|Any CPU.ActiveCfg = Release|Any CPU
		{B0BBAE5C-5208-4AAE-8660-96A9595C4AD3}.Release|Any CPU.Build.0 = Release|Any CPU
		{37FBB778-F875-4274-A9C6-16B8379E0363}.Debug|Any CPU.ActiveCfg = Debug|Any CPU
		{37FBB778-F875-4274-A9C6-16B8379E0363}.Debug|Any CPU.Build.0 = Debug|Any CPU
		{37FBB778-F875-4274-A9C6-16B8379E0363}.Release|Any CPU.ActiveCfg = Release|Any CPU
		{37FBB778-F875-4274-A9C6-16B8379E0363}.Release|Any CPU.Build.0 = Release|Any CPU
		{B1181F1B-854D-4595-8EE6-19207BEB7173}.Debug|Any CPU.ActiveCfg = Debug|Any CPU
		{B1181F1B-854D-4595-8EE6-19207BEB7173}.Debug|Any CPU.Build.0 = Debug|Any CPU
		{B1181F1B-854D-4595-8EE6-19207BEB7173}.Release|Any CPU.ActiveCfg = Release|Any CPU
		{B1181F1B-854D-4595-8EE6-19207BEB7173}.Release|Any CPU.Build.0 = Release|Any CPU
		{627A363D-D323-4836-83E5-B9167F1137A3}.Debug|Any CPU.ActiveCfg = Debug|Any CPU
		{627A363D-D323-4836-83E5-B9167F1137A3}.Debug|Any CPU.Build.0 = Debug|Any CPU
		{627A363D-D323-4836-83E5-B9167F1137A3}.Release|Any CPU.ActiveCfg = Release|Any CPU
		{627A363D-D323-4836-83E5-B9167F1137A3}.Release|Any CPU.Build.0 = Release|Any CPU
		{BB8DF39E-E091-4F85-B12B-1CB0FC89C17C}.Debug|Any CPU.ActiveCfg = Debug|Any CPU
		{BB8DF39E-E091-4F85-B12B-1CB0FC89C17C}.Debug|Any CPU.Build.0 = Debug|Any CPU
		{BB8DF39E-E091-4F85-B12B-1CB0FC89C17C}.Release|Any CPU.ActiveCfg = Release|Any CPU
		{BB8DF39E-E091-4F85-B12B-1CB0FC89C17C}.Release|Any CPU.Build.0 = Release|Any CPU
		{F0DCC6E6-8E5A-4D68-94ED-CA93733B96F1}.Debug|Any CPU.ActiveCfg = Debug|Any CPU
		{F0DCC6E6-8E5A-4D68-94ED-CA93733B96F1}.Debug|Any CPU.Build.0 = Debug|Any CPU
		{F0DCC6E6-8E5A-4D68-94ED-CA93733B96F1}.Release|Any CPU.ActiveCfg = Release|Any CPU
		{F0DCC6E6-8E5A-4D68-94ED-CA93733B96F1}.Release|Any CPU.Build.0 = Release|Any CPU
		{207F348E-45B0-4702-81AF-A5B2C20155B8}.Debug|Any CPU.ActiveCfg = Debug|Any CPU
		{207F348E-45B0-4702-81AF-A5B2C20155B8}.Debug|Any CPU.Build.0 = Debug|Any CPU
		{207F348E-45B0-4702-81AF-A5B2C20155B8}.Release|Any CPU.ActiveCfg = Release|Any CPU
		{207F348E-45B0-4702-81AF-A5B2C20155B8}.Release|Any CPU.Build.0 = Release|Any CPU
		{65A69F54-63DD-44AF-821F-5580441A07E1}.Debug|Any CPU.ActiveCfg = Debug|Any CPU
		{65A69F54-63DD-44AF-821F-5580441A07E1}.Debug|Any CPU.Build.0 = Debug|Any CPU
		{65A69F54-63DD-44AF-821F-5580441A07E1}.Release|Any CPU.ActiveCfg = Release|Any CPU
		{65A69F54-63DD-44AF-821F-5580441A07E1}.Release|Any CPU.Build.0 = Release|Any CPU
		{BF4BD48F-05DC-4312-AD87-0E38CD1BB38B}.Debug|Any CPU.ActiveCfg = Debug|Any CPU
		{BF4BD48F-05DC-4312-AD87-0E38CD1BB38B}.Debug|Any CPU.Build.0 = Debug|Any CPU
		{BF4BD48F-05DC-4312-AD87-0E38CD1BB38B}.Release|Any CPU.ActiveCfg = Release|Any CPU
		{BF4BD48F-05DC-4312-AD87-0E38CD1BB38B}.Release|Any CPU.Build.0 = Release|Any CPU
	EndGlobalSection
	GlobalSection(SolutionProperties) = preSolution
		HideSolutionNode = FALSE
	EndGlobalSection
	GlobalSection(TeamFoundationVersionControl) = preSolution
		SccNumberOfProjects = 11
		SccEnterpriseProvider = {4CA58AB2-18FA-4F8D-95D4-32DDF27D184C}
		SccTeamFoundationServer = https://precisionsample.visualstudio.com/
		SccLocalPath0 = .
		SccProjectUniqueName1 = Members.PrecisionSample.Common\\Members.PrecisionSample.Common.csproj
		SccProjectName1 = Members.PrecisionSample.Common
		SccLocalPath1 = Members.PrecisionSample.Common
		SccProjectUniqueName2 = Members.PrecisionSample.Components\\Members.PrecisionSample.Components.csproj
		SccProjectName2 = Members.PrecisionSample.Components
		SccLocalPath2 = Members.PrecisionSample.Components
		SccProjectUniqueName3 = Members.PrecisionSample.Web\\Members.PrecisionSample.Web.csproj
		SccProjectName3 = Members.PrecisionSample.Web
		SccLocalPath3 = Members.PrecisionSample.Web
		SccProjectUniqueName4 = Members.PrecisionSample.Prescreener\\Members.PrecisionSample.Prescreener.csproj
		SccProjectName4 = Members.PrecisionSample.Prescreener
		SccLocalPath4 = Members.PrecisionSample.Prescreener
		SccProjectUniqueName5 = Members.PrecisionSample.Clikflow\\Members.PrecisionSample.Clikflow.csproj
		SccProjectName5 = Members.PrecisionSample.Clikflow
		SccLocalPath5 = Members.PrecisionSample.Clikflow
		SccProjectUniqueName6 = Members.PrecisionSample.EndLinks\\Members.PrecisionSample.EndLinks.csproj
		SccProjectName6 = Members.PrecisionSample.EndLinks
		SccLocalPath6 = Members.PrecisionSample.EndLinks
		SccProjectUniqueName7 = PrecisionSample.River\\Members.PrecisionSample.River.Web.csproj
		SccProjectName7 = PrecisionSample.River
		SccLocalPath7 = PrecisionSample.River
		SccProjectUniqueName8 = Members.OpinionBar.Web\\Members.OpinionBar.Web.csproj
		SccProjectName8 = Members.OpinionBar.Web
		SccLocalPath8 = Members.OpinionBar.Web
		SccProjectUniqueName9 = Members.OpinionBar.Components\\Members.OpinionBar.Components.csproj
		SccProjectName9 = Members.OpinionBar.Components
		SccLocalPath9 = Members.OpinionBar.Components
		SccProjectUniqueName10 = Members.NewOpinionBar.Web\\Members.NewOpinionBar.Web.csproj
		SccProjectName10 = Members.NewOpinionBar.Web
		SccLocalPath10 = Members.NewOpinionBar.Web
	EndGlobalSection
EndGlobal
